
Microsoft Visual Studio Solution File, Format Version 12.00
# Visual Studio Version 17
VisualStudioVersion = 17.9.34607.119
MinimumVisualStudioVersion = 10.0.40219.1
Project("{FAE04EC0-301F-11D3-BF4B-00C04F79EFBC}") = "WeztBankJoeAPP", "WeztBankJoeAPP.csproj", "{A46BE677-7D24-4068-9033-2DEE1CAC720D}"
EndProject
Global
	GlobalSection(SolutionConfigurationPlatforms) = preSolution
		Debug|Any CPU = Debug|Any CPU
		Release|Any CPU = Release|Any CPU
	EndGlobalSection
	GlobalSection(ProjectConfigurationPlatforms) = postSolution
		{A46BE677-7D24-4068-9033-2DEE1CAC720D}.Debug|Any CPU.ActiveCfg = Debug|Any CPU
		{A46BE677-7D24-4068-9033-2DEE1CAC720D}.Debug|Any CPU.Build.0 = Debug|Any CPU
		{A46BE677-7D24-4068-9033-2DEE1CAC720D}.Release|Any CPU.ActiveCfg = Release|Any CPU
		{A46BE677-7D24-4068-9033-2DEE1CAC720D}.Release|Any CPU.Build.0 = Release|Any CPU
	EndGlobalSection
	GlobalSection(SolutionProperties) = preSolution
		HideSolutionNode = FALSE
	EndGlobalSection
	GlobalSection(ExtensibilityGlobals) = postSolution
		SolutionGuid = {52CB2040-7827-4F3A-A6A8-6307BD9792F8}
	EndGlobalSection
EndGlobal
